
Microsoft Visual Studio Solution File, Format Version 12.00
# Visual Studio 2013
VisualStudioVersion = 12.0.40629.0
MinimumVisualStudioVersion = 10.0.40219.1
Project("{FAE04EC0-301F-11D3-BF4B-00C04F79EFBC}") = "Lesson_1_Binary_Gap", "Lesson_1_Binary_Gap\Lesson_1_Binary_Gap.csproj", "{81A02FE9-43F5-4276-B545-A134D108C0F3}"
EndProject
Project("{FAE04EC0-301F-11D3-BF4B-00C04F79EFBC}") = "Lesson_2_CyclicRotation", "Lesson_2_CyclicRotation\Lesson_2_CyclicRotation.csproj", "{CDE752A2-FC2A-4099-ABB6-C7C196D1BFA0}"
EndProject
Project("{FAE04EC0-301F-11D3-BF4B-00C04F79EFBC}") = "Lesson_2_OddOccurrencesInArray", "Lesson_2_OddOccurrencesInArray\Lesson_2_OddOccurrencesInArray.csproj", "{06F96B14-642C-4A9B-9CCA-A0DCDA6D0153}"
EndProject
Project("{FAE04EC0-301F-11D3-BF4B-00C04F79EFBC}") = "Lesson_3_FrogJmp", "Lesson_3_FrogJmp\Lesson_3_FrogJmp.csproj", "{AA76055A-BBB7-41F2-B5BE-5DBBB7591A59}"
EndProject
Project("{FAE04EC0-301F-11D3-BF4B-00C04F79EFBC}") = "Lesson_3_TapeEquilibrium", "Lesson_3_TapeEquilibrium\Lesson_3_TapeEquilibrium.csproj", "{2A835E70-E465-4911-93BE-9C66B0241346}"
EndProject
Project("{FAE04EC0-301F-11D3-BF4B-00C04F79EFBC}") = "Lesson_3_PermMissingElem", "Lesson_3_PermMissingElem\Lesson_3_PermMissingElem.csproj", "{C51C965C-F1E7-431F-AB63-DCE39E1167FF}"
EndProject
Global
	GlobalSection(SolutionConfigurationPlatforms) = preSolution
		Debug|Any CPU = Debug|Any CPU
		Release|Any CPU = Release|Any CPU
	EndGlobalSection
	GlobalSection(ProjectConfigurationPlatforms) = postSolution
		{81A02FE9-43F5-4276-B545-A134D108C0F3}.Debug|Any CPU.ActiveCfg = Debug|Any CPU
		{81A02FE9-43F5-4276-B545-A134D108C0F3}.Debug|Any CPU.Build.0 = Debug|Any CPU
		{81A02FE9-43F5-4276-B545-A134D108C0F3}.Release|Any CPU.ActiveCfg = Release|Any CPU
		{81A02FE9-43F5-4276-B545-A134D108C0F3}.Release|Any CPU.Build.0 = Release|Any CPU
		{CDE752A2-FC2A-4099-ABB6-C7C196D1BFA0}.Debug|Any CPU.ActiveCfg = Debug|Any CPU
		{CDE752A2-FC2A-4099-ABB6-C7C196D1BFA0}.Debug|Any CPU.Build.0 = Debug|Any CPU
		{CDE752A2-FC2A-4099-ABB6-C7C196D1BFA0}.Release|Any CPU.ActiveCfg = Release|Any CPU
		{CDE752A2-FC2A-4099-ABB6-C7C196D1BFA0}.Release|Any CPU.Build.0 = Release|Any CPU
		{06F96B14-642C-4A9B-9CCA-A0DCDA6D0153}.Debug|Any CPU.ActiveCfg = Debug|Any CPU
		{06F96B14-642C-4A9B-9CCA-A0DCDA6D0153}.Debug|Any CPU.Build.0 = Debug|Any CPU
		{06F96B14-642C-4A9B-9CCA-A0DCDA6D0153}.Release|Any CPU.ActiveCfg = Release|Any CPU
		{06F96B14-642C-4A9B-9CCA-A0DCDA6D0153}.Release|Any CPU.Build.0 = Release|Any CPU
		{AA76055A-BBB7-41F2-B5BE-5DBBB7591A59}.Debug|Any CPU.ActiveCfg = Debug|Any CPU
		{AA76055A-BBB7-41F2-B5BE-5DBBB7591A59}.Debug|Any CPU.Build.0 = Debug|Any CPU
		{AA76055A-BBB7-41F2-B5BE-5DBBB7591A59}.Release|Any CPU.ActiveCfg = Release|Any CPU
		{AA76055A-BBB7-41F2-B5BE-5DBBB7591A59}.Release|Any CPU.Build.0 = Release|Any CPU
		{2A835E70-E465-4911-93BE-9C66B0241346}.Debug|Any CPU.ActiveCfg = Debug|Any CPU
		{2A835E70-E465-4911-93BE-9C66B0241346}.Debug|Any CPU.Build.0 = Debug|Any CPU
		{2A835E70-E465-4911-93BE-9C66B0241346}.Release|Any CPU.ActiveCfg = Release|Any CPU
		{2A835E70-E465-4911-93BE-9C66B0241346}.Release|Any CPU.Build.0 = Release|Any CPU
		{C51C965C-F1E7-431F-AB63-DCE39E1167FF}.Debug|Any CPU.ActiveCfg = Debug|Any CPU
		{C51C965C-F1E7-431F-AB63-DCE39E1167FF}.Debug|Any CPU.Build.0 = Debug|Any CPU
		{C51C965C-F1E7-431F-AB63-DCE39E1167FF}.Release|Any CPU.ActiveCfg = Release|Any CPU
		{C51C965C-F1E7-431F-AB63-DCE39E1167FF}.Release|Any CPU.Build.0 = Release|Any CPU
	EndGlobalSection
	GlobalSection(SolutionProperties) = preSolution
		HideSolutionNode = FALSE
	EndGlobalSection
EndGlobal
